<?xml version="1.0" encoding="utf-8"?>
<Project ToolsVersion="4.0" xmlns="http://schemas.microsoft.com/developer/msbuild/2003">
  <ItemGroup>
    <Filter Include="Source Files">
      <UniqueIdentifier>{4FC737F1-C7A5-4376-A066-2A32D752A2FF}</UniqueIdentifier>
      <Extensions>cpp;c;cc;cxx;def;odl;idl;hpj;bat;asm;asmx</Extensions>
    </Filter>
    <Filter Include="Header Files">
      <UniqueIdentifier>{93995380-89BD-4b04-88EB-625FBE52EBFB}</UniqueIdentifier>
      <Extensions>h;hh;hpp;hxx;hm;inl;inc;xsd</Extensions>
    </Filter>
    <Filter Include="Resource Files">
      <UniqueIdentifier>{67DA6AB6-F800-4c08-8B7A-83BB121AAD01}</UniqueIdentifier>
      <Extensions>rc;ico;cur;bmp;dlg;rc2;rct;bin;rgs;gif;jpg;jpeg;jpe;resx;tiff;tif;png;wav</Extensions>
    </Filter>
  </ItemGroup>
  <ItemGroup>
    <ClCompile Include="Sources\ASTNodes\AbstractSyntaxTreeNodeBase.cpp">
      <Filter>Source Files</Filter>
    </ClCompile>
    <ClCompile Include="Sources\ASTNodes\AssignNode.cpp">
      <Filter>Source Files</Filter>
    </ClCompile>
    <ClCompile Include="Sources\ASTNodes\BinOpNode.cpp">
      <Filter>Source Files</Filter>
    </ClCompile>
    <ClCompile Include="Sources\ASTNodes\BlockNode.cpp">
      <Filter>Source Files</Filter>
    </ClCompile>
    <ClCompile Include="Sources\ASTNodes\CompoundNode.cpp">
      <Filter>Source Files</Filter>
    </ClCompile>
    <ClCompile Include="Sources\ASTNodes\NumNode.cpp">
      <Filter>Source Files</Filter>
    </ClCompile>
    <ClCompile Include="Sources\ASTNodes\ProgramNode.cpp">
      <Filter>Source Files</Filter>
    </ClCompile>
    <ClCompile Include="Sources\ASTNodes\TypeNode.cpp">
      <Filter>Source Files</Filter>
    </ClCompile>
    <ClCompile Include="Sources\ASTNodes\UnaryOpNode.cpp">
      <Filter>Source Files</Filter>
    </ClCompile>
    <ClCompile Include="Sources\ASTNodes\VarDeclNode.cpp">
      <Filter>Source Files</Filter>
    </ClCompile>
    <ClCompile Include="Sources\ASTNodes\VarNode.cpp">
      <Filter>Source Files</Filter>
    </ClCompile>
    <ClCompile Include="Sources\NodeVisitor\Interpreter.cpp">
      <Filter>Source Files</Filter>
    </ClCompile>
    <ClCompile Include="Sources\NodeVisitor\InterpreterException.cpp">
      <Filter>Source Files</Filter>
    </ClCompile>
    <ClCompile Include="Sources\NodeVisitor\NodeVisitor.cpp">
      <Filter>Source Files</Filter>
    </ClCompile>
    <ClCompile Include="Sources\Parser\ASTException.cpp">
      <Filter>Source Files</Filter>
    </ClCompile>
    <ClCompile Include="Sources\Parser\ASTParser.cpp">
      <Filter>Source Files</Filter>
    </ClCompile>
    <ClCompile Include="Sources\Tokenizer\Lexer.cpp">
      <Filter>Source Files</Filter>
    </ClCompile>
    <ClCompile Include="Sources\Tokenizer\LexerException.cpp">
      <Filter>Source Files</Filter>
    </ClCompile>
    <ClCompile Include="Sources\Tokenizer\Token.cpp">
      <Filter>Source Files</Filter>
    </ClCompile>
    <ClCompile Include="test.cpp">
      <Filter>Source Files</Filter>
    </ClCompile>
    <ClCompile Include="Sources\NodeVisitor\SimpleVisitor.cpp">
      <Filter>Source Files</Filter>
    </ClCompile>
    <ClCompile Include="Sources\Symbol\Symbol.cpp">
      <Filter>Source Files</Filter>
    </ClCompile>
    <ClCompile Include="Sources\Symbol\VarSymbol.cpp">
      <Filter>Source Files</Filter>
    </ClCompile>
    <ClCompile Include="Sources\Symbol\SymbolTable.cpp">
      <Filter>Source Files</Filter>
    </ClCompile>
    <ClCompile Include="Sources\Symbol\BuiltinTypeSymbol.cpp">
      <Filter>Source Files</Filter>
    </ClCompile>
    <ClCompile Include="Sources\NodeVisitor\SymbolTableBuilder.cpp">
      <Filter>Source Files</Filter>
    </ClCompile>
    <ClCompile Include="Sources\ASTNodes\ProcedureDeclNode.cpp">
      <Filter>Source Files</Filter>
    </ClCompile>
  </ItemGroup>
  <ItemGroup>
    <ClInclude Include="Headers\ASTNodes\AbstractSyntaxTreeNodeBase.h">
      <Filter>Header Files</Filter>
    </ClInclude>
    <ClInclude Include="Headers\ASTNodes\AssignNode.h">
      <Filter>Header Files</Filter>
    </ClInclude>
    <ClInclude Include="Headers\ASTNodes\BinOpNode.h">
      <Filter>Header Files</Filter>
    </ClInclude>
    <ClInclude Include="Headers\ASTNodes\BlockNode.h">
      <Filter>Header Files</Filter>
    </ClInclude>
    <ClInclude Include="Headers\ASTNodes\CompoundNode.h">
      <Filter>Header Files</Filter>
    </ClInclude>
    <ClInclude Include="Headers\ASTNodes\NoOpNode.h">
      <Filter>Header Files</Filter>
    </ClInclude>
    <ClInclude Include="Headers\ASTNodes\NumNode.h">
      <Filter>Header Files</Filter>
    </ClInclude>
    <ClInclude Include="Headers\ASTNodes\ProgramNode.h">
      <Filter>Header Files</Filter>
    </ClInclude>
    <ClInclude Include="Headers\ASTNodes\TypeNode.h">
      <Filter>Header Files</Filter>
    </ClInclude>
    <ClInclude Include="Headers\ASTNodes\UnaryOpNode.h">
      <Filter>Header Files</Filter>
    </ClInclude>
    <ClInclude Include="Headers\ASTNodes\VarDeclNode.h">
      <Filter>Header Files</Filter>
    </ClInclude>
    <ClInclude Include="Headers\ASTNodes\VarNode.h">
      <Filter>Header Files</Filter>
    </ClInclude>
    <ClInclude Include="Headers\NodeVisitor\Interpreter.h">
      <Filter>Header Files</Filter>
    </ClInclude>
    <ClInclude Include="Headers\NodeVisitor\InterpreterException.h">
      <Filter>Header Files</Filter>
    </ClInclude>
    <ClInclude Include="Headers\NodeVisitor\NodeVisitor.h">
      <Filter>Header Files</Filter>
    </ClInclude>
    <ClInclude Include="Headers\Parser\ASTException.h">
      <Filter>Header Files</Filter>
    </ClInclude>
    <ClInclude Include="Headers\Parser\ASTParser.h">
      <Filter>Header Files</Filter>
    </ClInclude>
    <ClInclude Include="Headers\Tokenizer\Lexer.h">
      <Filter>Header Files</Filter>
    </ClInclude>
    <ClInclude Include="Headers\Tokenizer\LexerException.h">
      <Filter>Header Files</Filter>
    </ClInclude>
    <ClInclude Include="Headers\Tokenizer\Token.h">
      <Filter>Header Files</Filter>
    </ClInclude>
    <ClInclude Include="Headers\NodeVisitor\SimpleVisitor.h">
      <Filter>Header Files</Filter>
    </ClInclude>
    <ClInclude Include="Headers\Symbol\Symbol.h">
      <Filter>Header Files</Filter>
    </ClInclude>
    <ClInclude Include="Headers\Symbol\VarSymbol.h">
      <Filter>Header Files</Filter>
    </ClInclude>
    <ClInclude Include="Headers\Symbol\SymbolTable.h">
      <Filter>Header Files</Filter>
    </ClInclude>
    <ClInclude Include="Headers\Symbol\BuiltinTypeSymbol.h">
      <Filter>Header Files</Filter>
    </ClInclude>
    <ClInclude Include="Headers\NodeVisitor\SymbolTableBuilder.h">
      <Filter>Header Files</Filter>
    </ClInclude>
    <ClInclude Include="Headers\ASTNodes\ProcedureDeclNode.h">
      <Filter>Header Files</Filter>
    </ClInclude>
  </ItemGroup>
  <ItemGroup>
    <None Include="cpp.hint" />
  </ItemGroup>
</Project>